{
  "name": "Fund_App",
  "lockfileVersion": 3,
  "requires": true,
  "packages": {
    "": {
      "dependencies": {
        "lottie-react-native": "^6.7.2"
      }
    },
    "node_modules/lottie-react-native": {
      "version": "6.7.2",
      "resolved": "https://registry.npmjs.org/lottie-react-native/-/lottie-react-native-6.7.2.tgz",
      "integrity": "sha512-MZVx6N1EeO/EaSx8T44mJ0aHc5Mqee+xIfWwszni0oz8U2wlHdaWGjES44dHxaxgAp/0dRaFt3PkpZ6egTzcBg==",
      "license": "Apache-2.0",
      "peerDependencies": {
        "@dotlottie/react-player": "^1.6.1",
        "@lottiefiles/react-lottie-player": "^3.5.3",
        "react": "*",
        "react-native": ">=0.46",
        "react-native-windows": ">=0.63.x"
      },
      "peerDependenciesMeta": {
        "@dotlottie/react-player": {
          "optional": true
        },
        "@lottiefiles/react-lottie-player": {
          "optional": true
        },
        "react-native-windows": {
          "optional": true
        }
      }
    }
  }
}
